
Microsoft Visual Studio Solution File, Format Version 11.00
# Visual Studio 2010
# SharpDevelop 4.4
Project("{FAE04EC0-301F-11D3-BF4B-00C04F79EFBC}") = "testfigure", "testfigure\testfigure.csproj", "{CAABABAE-4AE5-4C6F-B99F-C69AC7C51AAF}"
EndProject
Global
	GlobalSection(SolutionConfigurationPlatforms) = preSolution
		Debug|Any CPU = Debug|Any CPU
		Release|Any CPU = Release|Any CPU
	EndGlobalSection
	GlobalSection(ProjectConfigurationPlatforms) = postSolution
		{CAABABAE-4AE5-4C6F-B99F-C69AC7C51AAF}.Debug|Any CPU.Build.0 = Debug|Any CPU
		{CAABABAE-4AE5-4C6F-B99F-C69AC7C51AAF}.Debug|Any CPU.ActiveCfg = Debug|Any CPU
		{CAABABAE-4AE5-4C6F-B99F-C69AC7C51AAF}.Release|Any CPU.Build.0 = Release|Any CPU
		{CAABABAE-4AE5-4C6F-B99F-C69AC7C51AAF}.Release|Any CPU.ActiveCfg = Release|Any CPU
	EndGlobalSection
EndGlobal
